// !$*UTF8*$!
{
	archiveVersion = 1;
	classes = {
	};
	objectVersion = 56;
	objects = {

/* Begin PBXBuildFile section */
		2DA96A30EEB99A44FF520D61 /* Pods_YourFavoritePhoto.framework in Frameworks */ = {isa = PBXBuildFile; fileRef = 19FC6FEA3A833923D4857E25 /* Pods_YourFavoritePhoto.framework */; };
		F81BA3A72A39C2AB0074C525 /* DataFetcherService.swift in Sources */ = {isa = PBXBuildFile; fileRef = F81BA3A62A39C2AB0074C525 /* DataFetcherService.swift */; };
		F81BA3A92A39DA4B0074C525 /* ImageNetworkService.swift in Sources */ = {isa = PBXBuildFile; fileRef = F81BA3A82A39DA4B0074C525 /* ImageNetworkService.swift */; };
		F81CB4E42A371E0900BA6466 /* RandomCollectionViewCell.swift in Sources */ = {isa = PBXBuildFile; fileRef = F81CB4E32A371E0900BA6466 /* RandomCollectionViewCell.swift */; };
		F81CB4E82A3756AA00BA6466 /* FavoriteTableViewCell.swift in Sources */ = {isa = PBXBuildFile; fileRef = F81CB4E72A3756AA00BA6466 /* FavoriteTableViewCell.swift */; };
		F825ED372A41B1A500E65CB9 /* WaterFallLayout.swift in Sources */ = {isa = PBXBuildFile; fileRef = F825ED362A41B1A400E65CB9 /* WaterFallLayout.swift */; };
		F83163BF2A49EA3B00E7825F /* MainPresenter.swift in Sources */ = {isa = PBXBuildFile; fileRef = F83163BE2A49EA3B00E7825F /* MainPresenter.swift */; };
		F840F29A2A3A4834008E70F5 /* FavoritePhoto.swift in Sources */ = {isa = PBXBuildFile; fileRef = F840F2992A3A4834008E70F5 /* FavoritePhoto.swift */; };
		F840F29D2A3A4AFC008E70F5 /* StorageManager.swift in Sources */ = {isa = PBXBuildFile; fileRef = F840F29C2A3A4AFC008E70F5 /* StorageManager.swift */; };
		F8540B612A6981B5004991CD /* SearchPhoto.swift in Sources */ = {isa = PBXBuildFile; fileRef = F8540B602A6981B5004991CD /* SearchPhoto.swift */; };
		F860F44F2A499F7000C84C2C /* RandomPhotoPresenter.swift in Sources */ = {isa = PBXBuildFile; fileRef = F860F44E2A499F7000C84C2C /* RandomPhotoPresenter.swift */; };
		F860F4512A49A15B00C84C2C /* Router.swift in Sources */ = {isa = PBXBuildFile; fileRef = F860F4502A49A15B00C84C2C /* Router.swift */; };
		F860F4532A49A21E00C84C2C /* AssemblerModuleBuilder.swift in Sources */ = {isa = PBXBuildFile; fileRef = F860F4522A49A21E00C84C2C /* AssemblerModuleBuilder.swift */; };
		F860F4562A49BA6C00C84C2C /* FavoritePhotoPresenter.swift in Sources */ = {isa = PBXBuildFile; fileRef = F860F4552A49BA6C00C84C2C /* FavoritePhotoPresenter.swift */; };
		F860F4582A49CD4800C84C2C /* DetailPhotoPresenter.swift in Sources */ = {isa = PBXBuildFile; fileRef = F860F4572A49CD4800C84C2C /* DetailPhotoPresenter.swift */; };
		F8AE5E212A681FA100226215 /* APIConstant.swift in Sources */ = {isa = PBXBuildFile; fileRef = F8AE5E202A681FA100226215 /* APIConstant.swift */; };
		F8AE5E232A68206500226215 /* APIURL.swift in Sources */ = {isa = PBXBuildFile; fileRef = F8AE5E222A68206500226215 /* APIURL.swift */; };
		F8AE5E252A6821B500226215 /* ServerError.swift in Sources */ = {isa = PBXBuildFile; fileRef = F8AE5E242A6821B500226215 /* ServerError.swift */; };
		F8B502A12A362E4900471387 /* AppDelegate.swift in Sources */ = {isa = PBXBuildFile; fileRef = F8B502A02A362E4900471387 /* AppDelegate.swift */; };
		F8B502A32A362E4900471387 /* SceneDelegate.swift in Sources */ = {isa = PBXBuildFile; fileRef = F8B502A22A362E4900471387 /* SceneDelegate.swift */; };
		F8B502A52A362E4900471387 /* DetailViewController.swift in Sources */ = {isa = PBXBuildFile; fileRef = F8B502A42A362E4900471387 /* DetailViewController.swift */; };
		F8B502AA2A362E4B00471387 /* Assets.xcassets in Resources */ = {isa = PBXBuildFile; fileRef = F8B502A92A362E4B00471387 /* Assets.xcassets */; };
		F8B502AD2A362E4B00471387 /* LaunchScreen.storyboard in Resources */ = {isa = PBXBuildFile; fileRef = F8B502AB2A362E4B00471387 /* LaunchScreen.storyboard */; };
		F8BB949F2A38A25B0082FB49 /* ImagesImageView.swift in Sources */ = {isa = PBXBuildFile; fileRef = F8BB949E2A38A25B0082FB49 /* ImagesImageView.swift */; };
		F8BB94AC2A38AE3B0082FB49 /* LikeButton.swift in Sources */ = {isa = PBXBuildFile; fileRef = F8BB94AB2A38AE3B0082FB49 /* LikeButton.swift */; };
		F8BB94B02A38F7070082FB49 /* NetworkService.swift in Sources */ = {isa = PBXBuildFile; fileRef = F8BB94AF2A38F7070082FB49 /* NetworkService.swift */; };
		F8BB94B22A38FCE50082FB49 /* GalleryElement.swift in Sources */ = {isa = PBXBuildFile; fileRef = F8BB94B12A38FCE50082FB49 /* GalleryElement.swift */; };
		F8BB94BC2A39042F0082FB49 /* NetworkDataFetcher.swift in Sources */ = {isa = PBXBuildFile; fileRef = F8BB94BB2A39042F0082FB49 /* NetworkDataFetcher.swift */; };
		F8DE3FE72A363505001BCADA /* MainTabBarController.swift in Sources */ = {isa = PBXBuildFile; fileRef = F8DE3FE62A363505001BCADA /* MainTabBarController.swift */; };
		F8DE3FE92A3638A4001BCADA /* RandomPhotoCollectionViewController.swift in Sources */ = {isa = PBXBuildFile; fileRef = F8DE3FE82A3638A4001BCADA /* RandomPhotoCollectionViewController.swift */; };
		F8DE3FF02A3667BD001BCADA /* FavoritePhotoTableViewController.swift in Sources */ = {isa = PBXBuildFile; fileRef = F8DE3FEF2A3667BD001BCADA /* FavoritePhotoTableViewController.swift */; };
/* End PBXBuildFile section */

/* Begin PBXFileReference section */
		19FC6FEA3A833923D4857E25 /* Pods_YourFavoritePhoto.framework */ = {isa = PBXFileReference; explicitFileType = wrapper.framework; includeInIndex = 0; path = Pods_YourFavoritePhoto.framework; sourceTree = BUILT_PRODUCTS_DIR; };
		CE686D358E946E1A81921A58 /* Pods-YourFavoritePhoto.release.xcconfig */ = {isa = PBXFileReference; includeInIndex = 1; lastKnownFileType = text.xcconfig; name = "Pods-YourFavoritePhoto.release.xcconfig"; path = "Target Support Files/Pods-YourFavoritePhoto/Pods-YourFavoritePhoto.release.xcconfig"; sourceTree = "<group>"; };
		D6070CB7730C5FB836A98561 /* Pods-YourFavoritePhoto.debug.xcconfig */ = {isa = PBXFileReference; includeInIndex = 1; lastKnownFileType = text.xcconfig; name = "Pods-YourFavoritePhoto.debug.xcconfig"; path = "Target Support Files/Pods-YourFavoritePhoto/Pods-YourFavoritePhoto.debug.xcconfig"; sourceTree = "<group>"; };
		F81BA3A62A39C2AB0074C525 /* DataFetcherService.swift */ = {isa = PBXFileReference; lastKnownFileType = sourcecode.swift; path = DataFetcherService.swift; sourceTree = "<group>"; };
		F81BA3A82A39DA4B0074C525 /* ImageNetworkService.swift */ = {isa = PBXFileReference; lastKnownFileType = sourcecode.swift; path = ImageNetworkService.swift; sourceTree = "<group>"; };
		F81CB4E32A371E0900BA6466 /* RandomCollectionViewCell.swift */ = {isa = PBXFileReference; lastKnownFileType = sourcecode.swift; path = RandomCollectionViewCell.swift; sourceTree = "<group>"; };
		F81CB4E72A3756AA00BA6466 /* FavoriteTableViewCell.swift */ = {isa = PBXFileReference; lastKnownFileType = sourcecode.swift; path = FavoriteTableViewCell.swift; sourceTree = "<group>"; };
		F825ED362A41B1A400E65CB9 /* WaterFallLayout.swift */ = {isa = PBXFileReference; lastKnownFileType = sourcecode.swift; path = WaterFallLayout.swift; sourceTree = "<group>"; };
		F83163BE2A49EA3B00E7825F /* MainPresenter.swift */ = {isa = PBXFileReference; lastKnownFileType = sourcecode.swift; path = MainPresenter.swift; sourceTree = "<group>"; };
		F840F2992A3A4834008E70F5 /* FavoritePhoto.swift */ = {isa = PBXFileReference; lastKnownFileType = sourcecode.swift; path = FavoritePhoto.swift; sourceTree = "<group>"; };
		F840F29C2A3A4AFC008E70F5 /* StorageManager.swift */ = {isa = PBXFileReference; lastKnownFileType = sourcecode.swift; path = StorageManager.swift; sourceTree = "<group>"; };
		F8540B602A6981B5004991CD /* SearchPhoto.swift */ = {isa = PBXFileReference; lastKnownFileType = sourcecode.swift; path = SearchPhoto.swift; sourceTree = "<group>"; };
		F860F44E2A499F7000C84C2C /* RandomPhotoPresenter.swift */ = {isa = PBXFileReference; lastKnownFileType = sourcecode.swift; path = RandomPhotoPresenter.swift; sourceTree = "<group>"; };
		F860F4502A49A15B00C84C2C /* Router.swift */ = {isa = PBXFileReference; lastKnownFileType = sourcecode.swift; path = Router.swift; sourceTree = "<group>"; };
		F860F4522A49A21E00C84C2C /* AssemblerModuleBuilder.swift */ = {isa = PBXFileReference; lastKnownFileType = sourcecode.swift; path = AssemblerModuleBuilder.swift; sourceTree = "<group>"; };
		F860F4552A49BA6C00C84C2C /* FavoritePhotoPresenter.swift */ = {isa = PBXFileReference; lastKnownFileType = sourcecode.swift; path = FavoritePhotoPresenter.swift; sourceTree = "<group>"; };
		F860F4572A49CD4800C84C2C /* DetailPhotoPresenter.swift */ = {isa = PBXFileReference; lastKnownFileType = sourcecode.swift; path = DetailPhotoPresenter.swift; sourceTree = "<group>"; };
		F8AE5E202A681FA100226215 /* APIConstant.swift */ = {isa = PBXFileReference; lastKnownFileType = sourcecode.swift; path = APIConstant.swift; sourceTree = "<group>"; };
		F8AE5E222A68206500226215 /* APIURL.swift */ = {isa = PBXFileReference; lastKnownFileType = sourcecode.swift; path = APIURL.swift; sourceTree = "<group>"; };
		F8AE5E242A6821B500226215 /* ServerError.swift */ = {isa = PBXFileReference; lastKnownFileType = sourcecode.swift; path = ServerError.swift; sourceTree = "<group>"; };
		F8B5029D2A362E4900471387 /* YourFavoritePhoto.app */ = {isa = PBXFileReference; explicitFileType = wrapper.application; includeInIndex = 0; path = YourFavoritePhoto.app; sourceTree = BUILT_PRODUCTS_DIR; };
		F8B502A02A362E4900471387 /* AppDelegate.swift */ = {isa = PBXFileReference; lastKnownFileType = sourcecode.swift; path = AppDelegate.swift; sourceTree = "<group>"; };
		F8B502A22A362E4900471387 /* SceneDelegate.swift */ = {isa = PBXFileReference; lastKnownFileType = sourcecode.swift; path = SceneDelegate.swift; sourceTree = "<group>"; };
		F8B502A42A362E4900471387 /* DetailViewController.swift */ = {isa = PBXFileReference; lastKnownFileType = sourcecode.swift; path = DetailViewController.swift; sourceTree = "<group>"; };
		F8B502A92A362E4B00471387 /* Assets.xcassets */ = {isa = PBXFileReference; lastKnownFileType = folder.assetcatalog; path = Assets.xcassets; sourceTree = "<group>"; };
		F8B502AC2A362E4B00471387 /* Base */ = {isa = PBXFileReference; lastKnownFileType = file.storyboard; name = Base; path = Base.lproj/LaunchScreen.storyboard; sourceTree = "<group>"; };
		F8B502AE2A362E4B00471387 /* Info.plist */ = {isa = PBXFileReference; lastKnownFileType = text.plist.xml; path = Info.plist; sourceTree = "<group>"; };
		F8BB949E2A38A25B0082FB49 /* ImagesImageView.swift */ = {isa = PBXFileReference; lastKnownFileType = sourcecode.swift; path = ImagesImageView.swift; sourceTree = "<group>"; };
		F8BB94AB2A38AE3B0082FB49 /* LikeButton.swift */ = {isa = PBXFileReference; lastKnownFileType = sourcecode.swift; path = LikeButton.swift; sourceTree = "<group>"; };
		F8BB94AF2A38F7070082FB49 /* NetworkService.swift */ = {isa = PBXFileReference; lastKnownFileType = sourcecode.swift; path = NetworkService.swift; sourceTree = "<group>"; };
		F8BB94B12A38FCE50082FB49 /* GalleryElement.swift */ = {isa = PBXFileReference; lastKnownFileType = sourcecode.swift; path = GalleryElement.swift; sourceTree = "<group>"; };
		F8BB94BB2A39042F0082FB49 /* NetworkDataFetcher.swift */ = {isa = PBXFileReference; lastKnownFileType = sourcecode.swift; path = NetworkDataFetcher.swift; sourceTree = "<group>"; };
		F8DE3FE62A363505001BCADA /* MainTabBarController.swift */ = {isa = PBXFileReference; lastKnownFileType = sourcecode.swift; path = MainTabBarController.swift; sourceTree = "<group>"; };
		F8DE3FE82A3638A4001BCADA /* RandomPhotoCollectionViewController.swift */ = {isa = PBXFileReference; lastKnownFileType = sourcecode.swift; path = RandomPhotoCollectionViewController.swift; sourceTree = "<group>"; };
		F8DE3FEF2A3667BD001BCADA /* FavoritePhotoTableViewController.swift */ = {isa = PBXFileReference; lastKnownFileType = sourcecode.swift; path = FavoritePhotoTableViewController.swift; sourceTree = "<group>"; };
/* End PBXFileReference section */

/* Begin PBXFrameworksBuildPhase section */
		F8B5029A2A362E4900471387 /* Frameworks */ = {
			isa = PBXFrameworksBuildPhase;
			buildActionMask = 2147483647;
			files = (
				2DA96A30EEB99A44FF520D61 /* Pods_YourFavoritePhoto.framework in Frameworks */,
			);
			runOnlyForDeploymentPostprocessing = 0;
		};
/* End PBXFrameworksBuildPhase section */

/* Begin PBXGroup section */
		0CD9C208C2D49D2C6D2E0B63 /* Frameworks */ = {
			isa = PBXGroup;
			children = (
				19FC6FEA3A833923D4857E25 /* Pods_YourFavoritePhoto.framework */,
			);
			name = Frameworks;
			sourceTree = "<group>";
		};
		2CD6E2336C71F0F5782D81D1 /* Pods */ = {
			isa = PBXGroup;
			children = (
				D6070CB7730C5FB836A98561 /* Pods-YourFavoritePhoto.debug.xcconfig */,
				CE686D358E946E1A81921A58 /* Pods-YourFavoritePhoto.release.xcconfig */,
			);
			path = Pods;
			sourceTree = "<group>";
		};
		F83163C02A49EA6C00E7825F /* Presenter */ = {
			isa = PBXGroup;
			children = (
				F83163BE2A49EA3B00E7825F /* MainPresenter.swift */,
			);
			path = Presenter;
			sourceTree = "<group>";
		};
		F840F2972A3A4817008E70F5 /* DataManager */ = {
			isa = PBXGroup;
			children = (
				F840F2982A3A481E008E70F5 /* Models */,
				F840F29C2A3A4AFC008E70F5 /* StorageManager.swift */,
			);
			path = DataManager;
			sourceTree = "<group>";
		};
		F840F2982A3A481E008E70F5 /* Models */ = {
			isa = PBXGroup;
			children = (
				F840F2992A3A4834008E70F5 /* FavoritePhoto.swift */,
			);
			path = Models;
			sourceTree = "<group>";
		};
		F860F4542A49AFA800C84C2C /* View */ = {
			isa = PBXGroup;
			children = (
				F8DE3FE62A363505001BCADA /* MainTabBarController.swift */,
			);
			path = View;
			sourceTree = "<group>";
		};
		F8B502942A362E4900471387 = {
			isa = PBXGroup;
			children = (
				F8B5029F2A362E4900471387 /* YourFavoritePhoto */,
				F8B5029E2A362E4900471387 /* Products */,
				2CD6E2336C71F0F5782D81D1 /* Pods */,
				0CD9C208C2D49D2C6D2E0B63 /* Frameworks */,
			);
			sourceTree = "<group>";
		};
		F8B5029E2A362E4900471387 /* Products */ = {
			isa = PBXGroup;
			children = (
				F8B5029D2A362E4900471387 /* YourFavoritePhoto.app */,
			);
			name = Products;
			sourceTree = "<group>";
		};
		F8B5029F2A362E4900471387 /* YourFavoritePhoto */ = {
			isa = PBXGroup;
			children = (
				F8BB94A82A38A41C0082FB49 /* App */,
				F8BB94A02A38A34A0082FB49 /* Modules */,
				F8B502B82A3631C000471387 /* SupportingFiles */,
			);
			path = YourFavoritePhoto;
			sourceTree = "<group>";
		};
		F8B502B52A36316100471387 /* DetailViewControllerModule */ = {
			isa = PBXGroup;
			children = (
				F8E8A0EF2A45E65A00AFAC26 /* View */,
				F8E8A0F02A45E66100AFAC26 /* Presenter */,
			);
			path = DetailViewControllerModule;
			sourceTree = "<group>";
		};
		F8B502B62A36316F00471387 /* View */ = {
			isa = PBXGroup;
			children = (
				F8BB949E2A38A25B0082FB49 /* ImagesImageView.swift */,
			);
			path = View;
			sourceTree = "<group>";
		};
		F8B502B82A3631C000471387 /* SupportingFiles */ = {
			isa = PBXGroup;
			children = (
				F8B502A92A362E4B00471387 /* Assets.xcassets */,
				F8B502AE2A362E4B00471387 /* Info.plist */,
				F8AE5E202A681FA100226215 /* APIConstant.swift */,
				F8AE5E222A68206500226215 /* APIURL.swift */,
				F8AE5E242A6821B500226215 /* ServerError.swift */,
			);
			path = SupportingFiles;
			sourceTree = "<group>";
		};
		F8BB94A02A38A34A0082FB49 /* Modules */ = {
			isa = PBXGroup;
			children = (
				F8B502B62A36316F00471387 /* View */,
				F8BB94A72A38A3CF0082FB49 /* MainTabBarControllerModule */,
				F8BB94A42A38A3980082FB49 /* RandomPhotoCollectionViewModule */,
				F8BB94A12A38A3560082FB49 /* FavoriteTableViewModule */,
				F8B502B52A36316100471387 /* DetailViewControllerModule */,
			);
			path = Modules;
			sourceTree = "<group>";
		};
		F8BB94A12A38A3560082FB49 /* FavoriteTableViewModule */ = {
			isa = PBXGroup;
			children = (
				F8BB94A22A38A3760082FB49 /* View */,
				F8E8A0ED2A45E62500AFAC26 /* Presenter */,
			);
			path = FavoriteTableViewModule;
			sourceTree = "<group>";
		};
		F8BB94A22A38A3760082FB49 /* View */ = {
			isa = PBXGroup;
			children = (
				F81CB4E72A3756AA00BA6466 /* FavoriteTableViewCell.swift */,
				F8DE3FEF2A3667BD001BCADA /* FavoritePhotoTableViewController.swift */,
			);
			path = View;
			sourceTree = "<group>";
		};
		F8BB94A42A38A3980082FB49 /* RandomPhotoCollectionViewModule */ = {
			isa = PBXGroup;
			children = (
				F8BB94A52A38A3A90082FB49 /* View */,
				F8E8A0EB2A45E5F200AFAC26 /* Presenter */,
			);
			path = RandomPhotoCollectionViewModule;
			sourceTree = "<group>";
		};
		F8BB94A52A38A3A90082FB49 /* View */ = {
			isa = PBXGroup;
			children = (
				F81CB4E32A371E0900BA6466 /* RandomCollectionViewCell.swift */,
				F825ED362A41B1A400E65CB9 /* WaterFallLayout.swift */,
				F8DE3FE82A3638A4001BCADA /* RandomPhotoCollectionViewController.swift */,
			);
			path = View;
			sourceTree = "<group>";
		};
		F8BB94A72A38A3CF0082FB49 /* MainTabBarControllerModule */ = {
			isa = PBXGroup;
			children = (
				F860F4542A49AFA800C84C2C /* View */,
				F83163C02A49EA6C00E7825F /* Presenter */,
			);
			path = MainTabBarControllerModule;
			sourceTree = "<group>";
		};
		F8BB94A82A38A41C0082FB49 /* App */ = {
			isa = PBXGroup;
			children = (
				F840F2972A3A4817008E70F5 /* DataManager */,
				F8BB94AD2A38F6300082FB49 /* NetworkService */,
				F8BB94AA2A38A4F60082FB49 /* Controller */,
				F8BB94A92A38A4E80082FB49 /* View */,
				F860F4502A49A15B00C84C2C /* Router.swift */,
				F860F4522A49A21E00C84C2C /* AssemblerModuleBuilder.swift */,
			);
			path = App;
			sourceTree = "<group>";
		};
		F8BB94A92A38A4E80082FB49 /* View */ = {
			isa = PBXGroup;
			children = (
				F8B502AB2A362E4B00471387 /* LaunchScreen.storyboard */,
			);
			path = View;
			sourceTree = "<group>";
		};
		F8BB94AA2A38A4F60082FB49 /* Controller */ = {
			isa = PBXGroup;
			children = (
				F8B502A02A362E4900471387 /* AppDelegate.swift */,
				F8B502A22A362E4900471387 /* SceneDelegate.swift */,
			);
			path = Controller;
			sourceTree = "<group>";
		};
		F8BB94AD2A38F6300082FB49 /* NetworkService */ = {
			isa = PBXGroup;
			children = (
				F8BB94AE2A38F63D0082FB49 /* Models */,
				F8BB94AF2A38F7070082FB49 /* NetworkService.swift */,
				F8BB94BB2A39042F0082FB49 /* NetworkDataFetcher.swift */,
				F81BA3A62A39C2AB0074C525 /* DataFetcherService.swift */,
				F81BA3A82A39DA4B0074C525 /* ImageNetworkService.swift */,
			);
			path = NetworkService;
			sourceTree = "<group>";
		};
		F8BB94AE2A38F63D0082FB49 /* Models */ = {
			isa = PBXGroup;
			children = (
				F8BB94B12A38FCE50082FB49 /* GalleryElement.swift */,
				F8540B602A6981B5004991CD /* SearchPhoto.swift */,
			);
			path = Models;
			sourceTree = "<group>";
		};
		F8E8A0EB2A45E5F200AFAC26 /* Presenter */ = {
			isa = PBXGroup;
			children = (
				F860F44E2A499F7000C84C2C /* RandomPhotoPresenter.swift */,
			);
			path = Presenter;
			sourceTree = "<group>";
		};
		F8E8A0ED2A45E62500AFAC26 /* Presenter */ = {
			isa = PBXGroup;
			children = (
				F860F4552A49BA6C00C84C2C /* FavoritePhotoPresenter.swift */,
			);
			path = Presenter;
			sourceTree = "<group>";
		};
		F8E8A0EF2A45E65A00AFAC26 /* View */ = {
			isa = PBXGroup;
			children = (
				F8B502A42A362E4900471387 /* DetailViewController.swift */,
				F8BB94AB2A38AE3B0082FB49 /* LikeButton.swift */,
			);
			path = View;
			sourceTree = "<group>";
		};
		F8E8A0F02A45E66100AFAC26 /* Presenter */ = {
			isa = PBXGroup;
			children = (
				F860F4572A49CD4800C84C2C /* DetailPhotoPresenter.swift */,
			);
			path = Presenter;
			sourceTree = "<group>";
		};
/* End PBXGroup section */

/* Begin PBXNativeTarget section */
		F8B5029C2A362E4900471387 /* YourFavoritePhoto */ = {
			isa = PBXNativeTarget;
			buildConfigurationList = F8B502B12A362E4B00471387 /* Build configuration list for PBXNativeTarget "YourFavoritePhoto" */;
			buildPhases = (
				2CAAEDDB7F067403C4487618 /* [CP] Check Pods Manifest.lock */,
				F8B502992A362E4900471387 /* Sources */,
				F8B5029A2A362E4900471387 /* Frameworks */,
				F8B5029B2A362E4900471387 /* Resources */,
				8F5D8F27CF368ECAB8DC950D /* [CP] Embed Pods Frameworks */,
			);
			buildRules = (
			);
			dependencies = (
			);
			name = YourFavoritePhoto;
			productName = Unsplash;
			productReference = F8B5029D2A362E4900471387 /* YourFavoritePhoto.app */;
			productType = "com.apple.product-type.application";
		};
/* End PBXNativeTarget section */

/* Begin PBXProject section */
		F8B502952A362E4900471387 /* Project object */ = {
			isa = PBXProject;
			attributes = {
				BuildIndependentTargetsInParallel = 1;
				LastSwiftUpdateCheck = 1430;
				LastUpgradeCheck = 1430;
				TargetAttributes = {
					F8B5029C2A362E4900471387 = {
						CreatedOnToolsVersion = 14.3;
					};
				};
			};
			buildConfigurationList = F8B502982A362E4900471387 /* Build configuration list for PBXProject "YourFavoritePhoto" */;
			compatibilityVersion = "Xcode 14.0";
			developmentRegion = en;
			hasScannedForEncodings = 0;
			knownRegions = (
				en,
				Base,
			);
			mainGroup = F8B502942A362E4900471387;
			productRefGroup = F8B5029E2A362E4900471387 /* Products */;
			projectDirPath = "";
			projectRoot = "";
			targets = (
				F8B5029C2A362E4900471387 /* YourFavoritePhoto */,
			);
		};
/* End PBXProject section */

/* Begin PBXResourcesBuildPhase section */
		F8B5029B2A362E4900471387 /* Resources */ = {
			isa = PBXResourcesBuildPhase;
			buildActionMask = 2147483647;
			files = (
				F8B502AD2A362E4B00471387 /* LaunchScreen.storyboard in Resources */,
				F8B502AA2A362E4B00471387 /* Assets.xcassets in Resources */,
			);
			runOnlyForDeploymentPostprocessing = 0;
		};
/* End PBXResourcesBuildPhase section */

/* Begin PBXShellScriptBuildPhase section */
		2CAAEDDB7F067403C4487618 /* [CP] Check Pods Manifest.lock */ = {
			isa = PBXShellScriptBuildPhase;
			buildActionMask = 2147483647;
			files = (
			);
			inputFileListPaths = (
			);
			inputPaths = (
				"${PODS_PODFILE_DIR_PATH}/Podfile.lock",
				"${PODS_ROOT}/Manifest.lock",
			);
			name = "[CP] Check Pods Manifest.lock";
			outputFileListPaths = (
			);
			outputPaths = (
				"$(DERIVED_FILE_DIR)/Pods-YourFavoritePhoto-checkManifestLockResult.txt",
			);
			runOnlyForDeploymentPostprocessing = 0;
			shellPath = /bin/sh;
			shellScript = "diff \"${PODS_PODFILE_DIR_PATH}/Podfile.lock\" \"${PODS_ROOT}/Manifest.lock\" > /dev/null\nif [ $? != 0 ] ; then\n    # print error to STDERR\n    echo \"error: The sandbox is not in sync with the Podfile.lock. Run 'pod install' or update your CocoaPods installation.\" >&2\n    exit 1\nfi\n# This output is used by Xcode 'outputs' to avoid re-running this script phase.\necho \"SUCCESS\" > \"${SCRIPT_OUTPUT_FILE_0}\"\n";
			showEnvVarsInLog = 0;
		};
		8F5D8F27CF368ECAB8DC950D /* [CP] Embed Pods Frameworks */ = {
			isa = PBXShellScriptBuildPhase;
			buildActionMask = 2147483647;
			files = (
			);
			inputFileListPaths = (
				"${PODS_ROOT}/Target Support Files/Pods-YourFavoritePhoto/Pods-YourFavoritePhoto-frameworks-${CONFIGURATION}-input-files.xcfilelist",
			);
			name = "[CP] Embed Pods Frameworks";
			outputFileListPaths = (
				"${PODS_ROOT}/Target Support Files/Pods-YourFavoritePhoto/Pods-YourFavoritePhoto-frameworks-${CONFIGURATION}-output-files.xcfilelist",
			);
			runOnlyForDeploymentPostprocessing = 0;
			shellPath = /bin/sh;
			shellScript = "\"${PODS_ROOT}/Target Support Files/Pods-YourFavoritePhoto/Pods-YourFavoritePhoto-frameworks.sh\"\n";
			showEnvVarsInLog = 0;
		};
/* End PBXShellScriptBuildPhase section */

/* Begin PBXSourcesBuildPhase section */
		F8B502992A362E4900471387 /* Sources */ = {
			isa = PBXSourcesBuildPhase;
			buildActionMask = 2147483647;
			files = (
				F81BA3A92A39DA4B0074C525 /* ImageNetworkService.swift in Sources */,
				F8DE3FF02A3667BD001BCADA /* FavoritePhotoTableViewController.swift in Sources */,
				F81CB4E42A371E0900BA6466 /* RandomCollectionViewCell.swift in Sources */,
				F840F29D2A3A4AFC008E70F5 /* StorageManager.swift in Sources */,
				F860F4532A49A21E00C84C2C /* AssemblerModuleBuilder.swift in Sources */,
				F860F44F2A499F7000C84C2C /* RandomPhotoPresenter.swift in Sources */,
				F81BA3A72A39C2AB0074C525 /* DataFetcherService.swift in Sources */,
				F840F29A2A3A4834008E70F5 /* FavoritePhoto.swift in Sources */,
				F8BB949F2A38A25B0082FB49 /* ImagesImageView.swift in Sources */,
				F8BB94AC2A38AE3B0082FB49 /* LikeButton.swift in Sources */,
				F8B502A52A362E4900471387 /* DetailViewController.swift in Sources */,
				F860F4512A49A15B00C84C2C /* Router.swift in Sources */,
				F8BB94BC2A39042F0082FB49 /* NetworkDataFetcher.swift in Sources */,
				F8AE5E252A6821B500226215 /* ServerError.swift in Sources */,
				F860F4562A49BA6C00C84C2C /* FavoritePhotoPresenter.swift in Sources */,
				F83163BF2A49EA3B00E7825F /* MainPresenter.swift in Sources */,
				F8BB94B22A38FCE50082FB49 /* GalleryElement.swift in Sources */,
				F81CB4E82A3756AA00BA6466 /* FavoriteTableViewCell.swift in Sources */,
				F8AE5E212A681FA100226215 /* APIConstant.swift in Sources */,
				F8AE5E232A68206500226215 /* APIURL.swift in Sources */,
				F8DE3FE92A3638A4001BCADA /* RandomPhotoCollectionViewController.swift in Sources */,
				F860F4582A49CD4800C84C2C /* DetailPhotoPresenter.swift in Sources */,
				F8B502A12A362E4900471387 /* AppDelegate.swift in Sources */,
				F8DE3FE72A363505001BCADA /* MainTabBarController.swift in Sources */,
				F8BB94B02A38F7070082FB49 /* NetworkService.swift in Sources */,
				F825ED372A41B1A500E65CB9 /* WaterFallLayout.swift in Sources */,
				F8540B612A6981B5004991CD /* SearchPhoto.swift in Sources */,
				F8B502A32A362E4900471387 /* SceneDelegate.swift in Sources */,
			);
			runOnlyForDeploymentPostprocessing = 0;
		};
/* End PBXSourcesBuildPhase section */

/* Begin PBXVariantGroup section */
		F8B502AB2A362E4B00471387 /* LaunchScreen.storyboard */ = {
			isa = PBXVariantGroup;
			children = (
				F8B502AC2A362E4B00471387 /* Base */,
			);
			name = LaunchScreen.storyboard;
			sourceTree = "<group>";
		};
/* End PBXVariantGroup section */

/* Begin XCBuildConfiguration section */
		F8B502AF2A362E4B00471387 /* Debug */ = {
			isa = XCBuildConfiguration;
			buildSettings = {
				ALWAYS_SEARCH_USER_PATHS = NO;
				CLANG_ANALYZER_NONNULL = YES;
				CLANG_ANALYZER_NUMBER_OBJECT_CONVERSION = YES_AGGRESSIVE;
				CLANG_CXX_LANGUAGE_STANDARD = "gnu++20";
				CLANG_ENABLE_MODULES = YES;
				CLANG_ENABLE_OBJC_ARC = YES;
				CLANG_ENABLE_OBJC_WEAK = YES;
				CLANG_WARN_BLOCK_CAPTURE_AUTORELEASING = YES;
				CLANG_WARN_BOOL_CONVERSION = YES;
				CLANG_WARN_COMMA = YES;
				CLANG_WARN_CONSTANT_CONVERSION = YES;
				CLANG_WARN_DEPRECATED_OBJC_IMPLEMENTATIONS = YES;
				CLANG_WARN_DIRECT_OBJC_ISA_USAGE = YES_ERROR;
				CLANG_WARN_DOCUMENTATION_COMMENTS = YES;
				CLANG_WARN_EMPTY_BODY = YES;
				CLANG_WARN_ENUM_CONVERSION = YES;
				CLANG_WARN_INFINITE_RECURSION = YES;
				CLANG_WARN_INT_CONVERSION = YES;
				CLANG_WARN_NON_LITERAL_NULL_CONVERSION = YES;
				CLANG_WARN_OBJC_IMPLICIT_RETAIN_SELF = YES;
				CLANG_WARN_OBJC_LITERAL_CONVERSION = YES;
				CLANG_WARN_OBJC_ROOT_CLASS = YES_ERROR;
				CLANG_WARN_QUOTED_INCLUDE_IN_FRAMEWORK_HEADER = YES;
				CLANG_WARN_RANGE_LOOP_ANALYSIS = YES;
				CLANG_WARN_STRICT_PROTOTYPES = YES;
				CLANG_WARN_SUSPICIOUS_MOVE = YES;
				CLANG_WARN_UNGUARDED_AVAILABILITY = YES_AGGRESSIVE;
				CLANG_WARN_UNREACHABLE_CODE = YES;
				CLANG_WARN__DUPLICATE_METHOD_MATCH = YES;
				COPY_PHASE_STRIP = NO;
				DEBUG_INFORMATION_FORMAT = dwarf;
				ENABLE_STRICT_OBJC_MSGSEND = YES;
				ENABLE_TESTABILITY = YES;
				GCC_C_LANGUAGE_STANDARD = gnu11;
				GCC_DYNAMIC_NO_PIC = NO;
				GCC_NO_COMMON_BLOCKS = YES;
				GCC_OPTIMIZATION_LEVEL = 0;
				GCC_PREPROCESSOR_DEFINITIONS = (
					"DEBUG=1",
					"$(inherited)",
				);
				GCC_WARN_64_TO_32_BIT_CONVERSION = YES;
				GCC_WARN_ABOUT_RETURN_TYPE = YES_ERROR;
				GCC_WARN_UNDECLARED_SELECTOR = YES;
				GCC_WARN_UNINITIALIZED_AUTOS = YES_AGGRESSIVE;
				GCC_WARN_UNUSED_FUNCTION = YES;
				GCC_WARN_UNUSED_VARIABLE = YES;
				IPHONEOS_DEPLOYMENT_TARGET = 14.0;
				MTL_ENABLE_DEBUG_INFO = INCLUDE_SOURCE;
				MTL_FAST_MATH = YES;
				ONLY_ACTIVE_ARCH = YES;
				SDKROOT = iphoneos;
				SWIFT_ACTIVE_COMPILATION_CONDITIONS = DEBUG;
				SWIFT_OPTIMIZATION_LEVEL = "-Onone";
			};
			name = Debug;
		};
		F8B502B02A362E4B00471387 /* Release */ = {
			isa = XCBuildConfiguration;
			buildSettings = {
				ALWAYS_SEARCH_USER_PATHS = NO;
				CLANG_ANALYZER_NONNULL = YES;
				CLANG_ANALYZER_NUMBER_OBJECT_CONVERSION = YES_AGGRESSIVE;
				CLANG_CXX_LANGUAGE_STANDARD = "gnu++20";
				CLANG_ENABLE_MODULES = YES;
				CLANG_ENABLE_OBJC_ARC = YES;
				CLANG_ENABLE_OBJC_WEAK = YES;
				CLANG_WARN_BLOCK_CAPTURE_AUTORELEASING = YES;
				CLANG_WARN_BOOL_CONVERSION = YES;
				CLANG_WARN_COMMA = YES;
				CLANG_WARN_CONSTANT_CONVERSION = YES;
				CLANG_WARN_DEPRECATED_OBJC_IMPLEMENTATIONS = YES;
				CLANG_WARN_DIRECT_OBJC_ISA_USAGE = YES_ERROR;
				CLANG_WARN_DOCUMENTATION_COMMENTS = YES;
				CLANG_WARN_EMPTY_BODY = YES;
				CLANG_WARN_ENUM_CONVERSION = YES;
				CLANG_WARN_INFINITE_RECURSION = YES;
				CLANG_WARN_INT_CONVERSION = YES;
				CLANG_WARN_NON_LITERAL_NULL_CONVERSION = YES;
				CLANG_WARN_OBJC_IMPLICIT_RETAIN_SELF = YES;
				CLANG_WARN_OBJC_LITERAL_CONVERSION = YES;
				CLANG_WARN_OBJC_ROOT_CLASS = YES_ERROR;
				CLANG_WARN_QUOTED_INCLUDE_IN_FRAMEWORK_HEADER = YES;
				CLANG_WARN_RANGE_LOOP_ANALYSIS = YES;
				CLANG_WARN_STRICT_PROTOTYPES = YES;
				CLANG_WARN_SUSPICIOUS_MOVE = YES;
				CLANG_WARN_UNGUARDED_AVAILABILITY = YES_AGGRESSIVE;
				CLANG_WARN_UNREACHABLE_CODE = YES;
				CLANG_WARN__DUPLICATE_METHOD_MATCH = YES;
				COPY_PHASE_STRIP = NO;
				DEBUG_INFORMATION_FORMAT = "dwarf-with-dsym";
				ENABLE_NS_ASSERTIONS = NO;
				ENABLE_STRICT_OBJC_MSGSEND = YES;
				GCC_C_LANGUAGE_STANDARD = gnu11;
				GCC_NO_COMMON_BLOCKS = YES;
				GCC_WARN_64_TO_32_BIT_CONVERSION = YES;
				GCC_WARN_ABOUT_RETURN_TYPE = YES_ERROR;
				GCC_WARN_UNDECLARED_SELECTOR = YES;
				GCC_WARN_UNINITIALIZED_AUTOS = YES_AGGRESSIVE;
				GCC_WARN_UNUSED_FUNCTION = YES;
				GCC_WARN_UNUSED_VARIABLE = YES;
				IPHONEOS_DEPLOYMENT_TARGET = 14.0;
				MTL_ENABLE_DEBUG_INFO = NO;
				MTL_FAST_MATH = YES;
				SDKROOT = iphoneos;
				SWIFT_COMPILATION_MODE = wholemodule;
				SWIFT_OPTIMIZATION_LEVEL = "-O";
				VALIDATE_PRODUCT = YES;
			};
			name = Release;
		};
		F8B502B22A362E4B00471387 /* Debug */ = {
			isa = XCBuildConfiguration;
			baseConfigurationReference = D6070CB7730C5FB836A98561 /* Pods-YourFavoritePhoto.debug.xcconfig */;
			buildSettings = {
				ASSETCATALOG_COMPILER_APPICON_NAME = AppIcon;
				ASSETCATALOG_COMPILER_GLOBAL_ACCENT_COLOR_NAME = AccentColor;
				CODE_SIGN_STYLE = Automatic;
				CURRENT_PROJECT_VERSION = 1;
				DEVELOPMENT_TEAM = 69V683996A;
				GENERATE_INFOPLIST_FILE = YES;
				INFOPLIST_FILE = YourFavoritePhoto/SupportingFiles/Info.plist;
				INFOPLIST_KEY_UIApplicationSupportsIndirectInputEvents = YES;
				INFOPLIST_KEY_UILaunchStoryboardName = LaunchScreen;
				INFOPLIST_KEY_UISupportedInterfaceOrientations_iPad = "UIInterfaceOrientationPortrait UIInterfaceOrientationPortraitUpsideDown UIInterfaceOrientationLandscapeLeft UIInterfaceOrientationLandscapeRight";
				INFOPLIST_KEY_UISupportedInterfaceOrientations_iPhone = "UIInterfaceOrientationPortrait UIInterfaceOrientationLandscapeLeft UIInterfaceOrientationLandscapeRight";
				IPHONEOS_DEPLOYMENT_TARGET = 14.0;
				LD_RUNPATH_SEARCH_PATHS = (
					"$(inherited)",
					"@executable_path/Frameworks",
				);
				MARKETING_VERSION = 1.0;
				PRODUCT_BUNDLE_IDENTIFIER = My.Unsplash;
				PRODUCT_NAME = "$(TARGET_NAME)";
				SWIFT_EMIT_LOC_STRINGS = YES;
				SWIFT_VERSION = 5.0;
				TARGETED_DEVICE_FAMILY = "1,2";
			};
			name = Debug;
		};
		F8B502B32A362E4B00471387 /* Release */ = {
			isa = XCBuildConfiguration;
			baseConfigurationReference = CE686D358E946E1A81921A58 /* Pods-YourFavoritePhoto.release.xcconfig */;
			buildSettings = {
				ASSETCATALOG_COMPILER_APPICON_NAME = AppIcon;
				ASSETCATALOG_COMPILER_GLOBAL_ACCENT_COLOR_NAME = AccentColor;
				CODE_SIGN_STYLE = Automatic;
				CURRENT_PROJECT_VERSION = 1;
				DEVELOPMENT_TEAM = 69V683996A;
				GENERATE_INFOPLIST_FILE = YES;
				INFOPLIST_FILE = YourFavoritePhoto/SupportingFiles/Info.plist;
				INFOPLIST_KEY_UIApplicationSupportsIndirectInputEvents = YES;
				INFOPLIST_KEY_UILaunchStoryboardName = LaunchScreen;
				INFOPLIST_KEY_UISupportedInterfaceOrientations_iPad = "UIInterfaceOrientationPortrait UIInterfaceOrientationPortraitUpsideDown UIInterfaceOrientationLandscapeLeft UIInterfaceOrientationLandscapeRight";
				INFOPLIST_KEY_UISupportedInterfaceOrientations_iPhone = "UIInterfaceOrientationPortrait UIInterfaceOrientationLandscapeLeft UIInterfaceOrientationLandscapeRight";
				IPHONEOS_DEPLOYMENT_TARGET = 14.0;
				LD_RUNPATH_SEARCH_PATHS = (
					"$(inherited)",
					"@executable_path/Frameworks",
				);
				MARKETING_VERSION = 1.0;
				PRODUCT_BUNDLE_IDENTIFIER = My.Unsplash;
				PRODUCT_NAME = "$(TARGET_NAME)";
				SWIFT_EMIT_LOC_STRINGS = YES;
				SWIFT_VERSION = 5.0;
				TARGETED_DEVICE_FAMILY = "1,2";
			};
			name = Release;
		};
/* End XCBuildConfiguration section */

/* Begin XCConfigurationList section */
		F8B502982A362E4900471387 /* Build configuration list for PBXProject "YourFavoritePhoto" */ = {
			isa = XCConfigurationList;
			buildConfigurations = (
				F8B502AF2A362E4B00471387 /* Debug */,
				F8B502B02A362E4B00471387 /* Release */,
			);
			defaultConfigurationIsVisible = 0;
			defaultConfigurationName = Release;
		};
		F8B502B12A362E4B00471387 /* Build configuration list for PBXNativeTarget "YourFavoritePhoto" */ = {
			isa = XCConfigurationList;
			buildConfigurations = (
				F8B502B22A362E4B00471387 /* Debug */,
				F8B502B32A362E4B00471387 /* Release */,
			);
			defaultConfigurationIsVisible = 0;
			defaultConfigurationName = Release;
		};
/* End XCConfigurationList section */
	};
	rootObject = F8B502952A362E4900471387 /* Project object */;
}
